
Microsoft Visual Studio Solution File, Format Version 12.00
# Visual Studio 14
VisualStudioVersion = 14.0.24720.0
MinimumVisualStudioVersion = 10.0.40219.1
Project("{2150E333-8FDC-42A3-9474-1A3956D46DE8}") = "Solution Items", "Solution Items", "{E628555B-AB3C-49BF-AB1D-FC7A40891781}"
	ProjectSection(SolutionItems) = preProject
		.travis.yml = .travis.yml
		LICENSE = LICENSE
		README.md = README.md
	EndProjectSection
EndProject
Project("{FAE04EC0-301F-11D3-BF4B-00C04F79EFBC}") = "Model", "Model\Model.csproj", "{BA18A259-F430-4E43-BD75-CFD13DF37CCB}"
EndProject
Project("{FAE04EC0-301F-11D3-BF4B-00C04F79EFBC}") = "Debug", "Debug\Debug.csproj", "{0CA1F03D-319E-41C3-B30E-AD881BE29311}"
EndProject
Project("{FAE04EC0-301F-11D3-BF4B-00C04F79EFBC}") = "com.kritikos.libraries", "kritikos.libs\com.kritikos.libraries\com.kritikos.libraries.csproj", "{841CE14C-CD8C-469F-B038-2B298B1DCA24}"
EndProject
Global
	GlobalSection(SolutionConfigurationPlatforms) = preSolution
		Debug|Any CPU = Debug|Any CPU
		Release|Any CPU = Release|Any CPU
	EndGlobalSection
	GlobalSection(ProjectConfigurationPlatforms) = postSolution
		{BA18A259-F430-4E43-BD75-CFD13DF37CCB}.Debug|Any CPU.ActiveCfg = Debug|Any CPU
		{BA18A259-F430-4E43-BD75-CFD13DF37CCB}.Debug|Any CPU.Build.0 = Debug|Any CPU
		{BA18A259-F430-4E43-BD75-CFD13DF37CCB}.Release|Any CPU.ActiveCfg = Release|Any CPU
		{BA18A259-F430-4E43-BD75-CFD13DF37CCB}.Release|Any CPU.Build.0 = Release|Any CPU
		{0CA1F03D-319E-41C3-B30E-AD881BE29311}.Debug|Any CPU.ActiveCfg = Debug|Any CPU
		{0CA1F03D-319E-41C3-B30E-AD881BE29311}.Debug|Any CPU.Build.0 = Debug|Any CPU
		{0CA1F03D-319E-41C3-B30E-AD881BE29311}.Release|Any CPU.ActiveCfg = Release|Any CPU
		{0CA1F03D-319E-41C3-B30E-AD881BE29311}.Release|Any CPU.Build.0 = Release|Any CPU
		{841CE14C-CD8C-469F-B038-2B298B1DCA24}.Debug|Any CPU.ActiveCfg = Debug|Any CPU
		{841CE14C-CD8C-469F-B038-2B298B1DCA24}.Debug|Any CPU.Build.0 = Debug|Any CPU
		{841CE14C-CD8C-469F-B038-2B298B1DCA24}.Release|Any CPU.ActiveCfg = Release|Any CPU
		{841CE14C-CD8C-469F-B038-2B298B1DCA24}.Release|Any CPU.Build.0 = Release|Any CPU
	EndGlobalSection
	GlobalSection(SolutionProperties) = preSolution
		HideSolutionNode = FALSE
	EndGlobalSection
EndGlobal
